{
  "nodes": {
    "disko": {
      "inputs": {
        "nixpkgs": [
          "nixpkgs"
        ]
      },
      "locked": {
        "lastModified": 1741786315,
        "narHash": "sha256-VT65AE2syHVj6v/DGB496bqBnu1PXrrzwlw07/Zpllc=",
        "owner": "nix-community",
        "repo": "disko",
        "rev": "0d8c6ad4a43906d14abd5c60e0ffe7b587b213de",
        "type": "github"
      },
      "original": {
        "owner": "nix-community",
        "repo": "disko",
        "type": "github"
      }
    },
    "home-manager": {
      "inputs": {
        "nixpkgs": [
          "nixpkgs"
        ]
      },
      "locked": {
        "lastModified": 1742771635,
        "narHash": "sha256-HQHzQPrg+g22tb3/K/4tgJjPzM+/5jbaujCZd8s2Mls=",
        "owner": "nix-community",
        "repo": "home-manager",
        "rev": "ad0614a1ec9cce3b13169e20ceb7e55dfaf2a818",
        "type": "github"
      },
      "original": {
        "owner": "nix-community",
        "repo": "home-manager",
        "type": "github"
      }
    },
    "nixos-facter-modules": {
      "locked": {
        "lastModified": 1738752252,
        "narHash": "sha256-/nA3tDdp/2g0FBy8966ppC2WDoyXtUWaHkZWL+N3ZKc=",
        "owner": "numtide",
        "repo": "nixos-facter-modules",
        "rev": "60f8b8f3f99667de6a493a44375e5506bf0c48b1",
        "type": "github"
      },
      "original": {
        "owner": "numtide",
        "repo": "nixos-facter-modules",
        "type": "github"
      }
    },
    "nixpkgs": {
      "locked": {
        "lastModified": 1742735568,
        "narHash": "sha256-979zbJFSn3aPWt5N+dt9N5n1BULL1W6sdoPEDGOSW4Y=",
        "owner": "nixos",
        "repo": "nixpkgs",
        "rev": "0ab4a35ea3f79f11018702be57548589170f93f6",
        "type": "github"
      },
      "original": {
        "owner": "nixos",
        "ref": "nixos-24.11-small",
        "repo": "nixpkgs",
        "type": "github"
      }
    },
    "nixpkgs-unstable": {
      "locked": {
        "lastModified": 1742707865,
        "narHash": "sha256-RVQQZy38O3Zb8yoRJhuFgWo/iDIDj0hEdRTVfhOtzRk=",
        "owner": "nixos",
        "repo": "nixpkgs",
        "rev": "dd613136ee91f67e5dba3f3f41ac99ae89c5406b",
        "type": "github"
      },
      "original": {
        "owner": "nixos",
        "ref": "nixpkgs-unstable",
        "repo": "nixpkgs",
        "type": "github"
      }
    },
    "root": {
      "inputs": {
        "disko": "disko",
        "home-manager": "home-manager",
        "nixos-facter-modules": "nixos-facter-modules",
        "nixpkgs": "nixpkgs",
        "nixpkgs-unstable": "nixpkgs-unstable"
      }
    }
  },
  "root": "root",
  "version": 7
}
